{
  "nodes": {
    "elm-review-tool-src": {
      "flake": false,
      "locked": {
        "lastModified": 1756066304,
        "narHash": "sha256-kar5wumf2ZajmgUk86hNuJegOTlvVTTrpTgg/3XRd1M=",
        "owner": "jfmengels",
        "repo": "node-elm-review",
        "rev": "e348515539518630122be6924c7cae94ffb24418",
        "type": "github"
      },
      "original": {
        "owner": "jfmengels",
        "repo": "node-elm-review",
        "type": "github"
      }
    },
    "elm-spa": {
      "inputs": {
        "nixpkgs": [
          "mkElmDerivation",
          "nixpkgs"
        ]
      },
      "locked": {
        "lastModified": 1706301604,
        "narHash": "sha256-n6LDjnPCTLbKTrRgeZhlLTfY6V45xNYcb4NYEMuO4jg=",
        "owner": "jeslie0",
        "repo": "elm-spa",
        "rev": "4c82e18d5fcf9d4c027f0ef0e89204dd87584f7f",
        "type": "github"
      },
      "original": {
        "owner": "jeslie0",
        "repo": "elm-spa",
        "type": "github"
      }
    },
    "elm-watch": {
      "inputs": {
        "nixpkgs": [
          "mkElmDerivation",
          "nixpkgs"
        ],
        "npm-fix": "npm-fix",
        "npmlock2nix": "npmlock2nix"
      },
      "locked": {
        "lastModified": 1706304401,
        "narHash": "sha256-992cypnhoRbsGkDc5/X241rafBML4EP0EuT6cBcaY/8=",
        "owner": "jeslie0",
        "repo": "elm-watch",
        "rev": "2f1c6c0e69b163c15e2ce66f543c38021b2a0ea3",
        "type": "github"
      },
      "original": {
        "owner": "jeslie0",
        "repo": "elm-watch",
        "type": "github"
      }
    },
    "elmSafeVirtualDom": {
      "flake": false,
      "locked": {
        "lastModified": 1763382256,
        "narHash": "sha256-Xvq3uUXjQhOvz4R9zR87xqwoa9k0cbMCckHrAXReLZ4=",
        "owner": "lydell",
        "repo": "elm-safe-virtual-dom",
        "rev": "dd6cb5609bf3d49b7c27e168c30d8d097ae09b3c",
        "type": "github"
      },
      "original": {
        "owner": "lydell",
        "repo": "elm-safe-virtual-dom",
        "type": "github"
      }
    },
    "flake-utils": {
      "inputs": {
        "systems": "systems"
      },
      "locked": {
        "lastModified": 1731533236,
        "narHash": "sha256-l0KFg5HjrsfsO/JpG+r7fRrqm12kzFHyUHqHCVpMMbI=",
        "owner": "numtide",
        "repo": "flake-utils",
        "rev": "11707dc2f618dd54ca8739b309ec4fc024de578b",
        "type": "github"
      },
      "original": {
        "owner": "numtide",
        "repo": "flake-utils",
        "type": "github"
      }
    },
    "lydellElmBrowser": {
      "flake": false,
      "locked": {
        "lastModified": 1752826233,
        "narHash": "sha256-29axLnzXcLDeKG+CBX49pjt2ZcYVdVg04XVnfAfImvI=",
        "owner": "lydell",
        "repo": "browser",
        "rev": "f5de544c8033d934285501f78f09e2eaf0171d55",
        "type": "github"
      },
      "original": {
        "owner": "lydell",
        "repo": "browser",
        "type": "github"
      }
    },
    "lydellElmHtml": {
      "flake": false,
      "locked": {
        "lastModified": 1763029093,
        "narHash": "sha256-xyL/AvKdsxTl4RgfBCdTuWndM55eNM6whPD3YqptcKM=",
        "owner": "lydell",
        "repo": "html",
        "rev": "b35c476a69f0ba9bf8282d8c15df65e63aefea8f",
        "type": "github"
      },
      "original": {
        "owner": "lydell",
        "repo": "html",
        "type": "github"
      }
    },
    "lydellElmVirtualDom": {
      "flake": false,
      "locked": {
        "lastModified": 1763038620,
        "narHash": "sha256-XpbRMCpIx151eHHoph7wkGYhtDp5bTBwUOefiWKItOc=",
        "owner": "lydell",
        "repo": "virtual-dom",
        "rev": "e1fae6aabd65539db2c94a98220a45cfc624b633",
        "type": "github"
      },
      "original": {
        "owner": "lydell",
        "repo": "virtual-dom",
        "type": "github"
      }
    },
    "mkElmDerivation": {
      "inputs": {
        "elm-spa": "elm-spa",
        "elm-watch": "elm-watch",
        "nixpkgs": [
          "nixpkgs"
        ]
      },
      "locked": {
        "lastModified": 1763767431,
        "narHash": "sha256-MYCeY11TSrcjjGzR/3SvnCxhKhsiqMnCtfR6e9rfAdo=",
        "owner": "r-k-b",
        "repo": "mkElmDerivation",
        "rev": "634288dd55f612e38c519580008c0cfa8be1d9f1",
        "type": "github"
      },
      "original": {
        "owner": "r-k-b",
        "ref": "support-elm-review",
        "repo": "mkElmDerivation",
        "type": "github"
      }
    },
    "nixpkgs": {
      "locked": {
        "lastModified": 1763421233,
        "narHash": "sha256-Stk9ZYRkGrnnpyJ4eqt9eQtdFWRRIvMxpNRf4sIegnw=",
        "owner": "NixOS",
        "repo": "nixpkgs",
        "rev": "89c2b2330e733d6cdb5eae7b899326930c2c0648",
        "type": "github"
      },
      "original": {
        "id": "nixpkgs",
        "ref": "nixos-unstable",
        "type": "indirect"
      }
    },
    "npm-fix": {
      "inputs": {
        "nixpkgs": [
          "mkElmDerivation",
          "elm-watch",
          "nixpkgs"
        ]
      },
      "locked": {
        "lastModified": 1706304213,
        "narHash": "sha256-XN9ESRSOANR0iFbEMMY1C1jvgZlYJsXQYVAHxxRmn+c=",
        "owner": "jeslie0",
        "repo": "npm-lockfile-fix",
        "rev": "e9851274afa12b04d98e694ed089aa9cde8d7349",
        "type": "github"
      },
      "original": {
        "owner": "jeslie0",
        "repo": "npm-lockfile-fix",
        "type": "github"
      }
    },
    "npmlock2nix": {
      "flake": false,
      "locked": {
        "lastModified": 1673447413,
        "narHash": "sha256-sJM82Sj8yfQYs9axEmGZ9Evzdv/kDcI9sddqJ45frrU=",
        "owner": "nix-community",
        "repo": "npmlock2nix",
        "rev": "9197bbf397d76059a76310523d45df10d2e4ca81",
        "type": "github"
      },
      "original": {
        "owner": "nix-community",
        "repo": "npmlock2nix",
        "type": "github"
      }
    },
    "root": {
      "inputs": {
        "elm-review-tool-src": "elm-review-tool-src",
        "elmSafeVirtualDom": "elmSafeVirtualDom",
        "flake-utils": "flake-utils",
        "lydellElmBrowser": "lydellElmBrowser",
        "lydellElmHtml": "lydellElmHtml",
        "lydellElmVirtualDom": "lydellElmVirtualDom",
        "mkElmDerivation": "mkElmDerivation",
        "nixpkgs": "nixpkgs"
      }
    },
    "systems": {
      "locked": {
        "lastModified": 1681028828,
        "narHash": "sha256-Vy1rq5AaRuLzOxct8nz4T6wlgyUR7zLU309k9mBC768=",
        "owner": "nix-systems",
        "repo": "default",
        "rev": "da67096a3b9bf56a91d16901293e51ba5b49a27e",
        "type": "github"
      },
      "original": {
        "owner": "nix-systems",
        "repo": "default",
        "type": "github"
      }
    }
  },
  "root": "root",
  "version": 7
}
